<?xml version="1.0" encoding="utf-8"?>
<Project ToolsVersion="4.0" xmlns="http://schemas.microsoft.com/developer/msbuild/2003">
  <ItemGroup>
    <Filter Include="소스 파일">
      <UniqueIdentifier>{4FC737F1-C7A5-4376-A066-2A32D752A2FF}</UniqueIdentifier>
      <Extensions>cpp;c;cc;cxx;def;odl;idl;hpj;bat;asm;asmx</Extensions>
    </Filter>
    <Filter Include="헤더 파일">
      <UniqueIdentifier>{93995380-89BD-4b04-88EB-625FBE52EBFB}</UniqueIdentifier>
      <Extensions>h;hh;hpp;hxx;hm;inl;inc;ipp;xsd</Extensions>
    </Filter>
    <Filter Include="리소스 파일">
      <UniqueIdentifier>{67DA6AB6-F800-4c08-8B7A-83BB121AAD01}</UniqueIdentifier>
      <Extensions>rc;ico;cur;bmp;dlg;rc2;rct;bin;rgs;gif;jpg;jpeg;jpe;resx;tiff;tif;png;wav;mfcribbon-ms</Extensions>
    </Filter>
  </ItemGroup>
  <ItemGroup>
    <ClCompile Include="1257D_gaelim.cpp">
      <Filter>소스 파일</Filter>
    </ClCompile>
    <ClCompile Include="2098_dbfldkfdbgml.cpp">
      <Filter>소스 파일</Filter>
    </ClCompile>
    <ClCompile Include="1086_gaelim.cpp">
      <Filter>소스 파일</Filter>
    </ClCompile>
    <ClCompile Include="17835_gumdung.cpp">
      <Filter>소스 파일</Filter>
    </ClCompile>
    <ClCompile Include="17835_eovh1962.cpp">
      <Filter>소스 파일</Filter>
    </ClCompile>
    <ClCompile Include="17835_gaelim.cpp">
      <Filter>소스 파일</Filter>
    </ClCompile>
    <ClCompile Include="17835_djm.cpp">
      <Filter>소스 파일</Filter>
    </ClCompile>
    <ClCompile Include="2482_dbfldkfdbgml.cpp">
      <Filter>소스 파일</Filter>
    </ClCompile>
    <ClCompile Include="1086_dbfldkfdbgml.cpp">
      <Filter>소스 파일</Filter>
    </ClCompile>
    <ClCompile Include="13016_eovh1942.c">
      <Filter>소스 파일</Filter>
    </ClCompile>
    <ClCompile Include="C:\Users\ProDesk\Desktop\가사검색.cpp">
      <Filter>소스 파일</Filter>
    </ClCompile>
    <ClCompile Include="2325_djm.cpp">
      <Filter>소스 파일</Filter>
    </ClCompile>
    <ClCompile Include="2325_eovh.cpp">
      <Filter>소스 파일</Filter>
    </ClCompile>
    <ClCompile Include="14866_djm_단절점_forest.cpp">
      <Filter>소스 파일</Filter>
    </ClCompile>
    <ClCompile Include="0.cpp">
      <Filter>소스 파일</Filter>
    </ClCompile>
    <ClCompile Include="17349_dbfldkfdbgml.cpp">
      <Filter>소스 파일</Filter>
    </ClCompile>
    <ClCompile Include="6156_dbfldkfdbgml.cpp">
      <Filter>소스 파일</Filter>
    </ClCompile>
    <ClCompile Include="17349_gumdung.cpp">
      <Filter>소스 파일</Filter>
    </ClCompile>
    <ClCompile Include="외벽점검_dbfldkfdbgml.cpp">
      <Filter>소스 파일</Filter>
    </ClCompile>
    <ClCompile Include="3392_leeym95.cpp">
      <Filter>소스 파일</Filter>
    </ClCompile>
    <ClCompile Include="16912_djm.cpp">
      <Filter>소스 파일</Filter>
    </ClCompile>
    <ClCompile Include="contest_0519_problem_e.cpp">
      <Filter>소스 파일</Filter>
    </ClCompile>
  </ItemGroup>
  <ItemGroup>
    <Text Include="study.txt" />
  </ItemGroup>
</Project>